// !$*UTF8*$!
{
	archiveVersion = 1;
	classes = {
	};
	objectVersion = 56;
	objects = {

/* Begin PBXBuildFile section */
		559A13542FEDB1FB009F8D06 /* TrackApp.swift in Sources */ = {isa = PBXBuildFile; fileRef = 559A13532FEDB1FB009F8D06 /* TrackApp.swift */; };
		559A13562FEDB1FB009F8D06 /* ContentView.swift in Sources */ = {isa = PBXBuildFile; fileRef = 559A13552FEDB1FB009F8D06 /* ContentView.swift */; };
		559A13582FEDB1FC009F8D06 /* Assets.xcassets in Resources */ = {isa = PBXBuildFile; fileRef = 559A13572FEDB1FC009F8D06 /* Assets.xcassets */; };
		559A135C2FEDB1FC009F8D06 /* Preview Assets.xcassets in Resources */ = {isa = PBXBuildFile; fileRef = 559A135B2FEDB1FC009F8D06 /* Preview Assets.xcassets */; };
		559A13662FEDB1FC009F8D06 /* TrackTests.swift in Sources */ = {isa = PBXBuildFile; fileRef = 559A13652FEDB1FC009F8D06 /* TrackTests.swift */; };
		559A13702FEDB1FC009F8D06 /* TrackUITests.swift in Sources */ = {isa = PBXBuildFile; fileRef = 559A136F2FEDB1FC009F8D06 /* TrackUITests.swift */; };
		559A13722FEDB1FC009F8D06 /* TrackUITestsLaunchTests.swift in Sources */ = {isa = PBXBuildFile; fileRef = 559A13712FEDB1FC009F8D06 /* TrackUITestsLaunchTests.swift */; };
/* End PBXBuildFile section */

/* Begin PBXContainerItemProxy section */
		559A13622FEDB1FC009F8D06 /* PBXContainerItemProxy */ = {
			isa = PBXContainerItemProxy;
			containerPortal = 559A13482FEDB1FB009F8D06 /* Project object */;
			proxyType = 1;
			remoteGlobalIDString = 559A134F2FEDB1FB009F8D06;
			remoteInfo = Track;
		};
		559A136C2FEDB1FC009F8D06 /* PBXContainerItemProxy */ = {
			isa = PBXContainerItemProxy;
			containerPortal = 559A13482FEDB1FB009F8D06 /* Project object */;
			proxyType = 1;
			remoteGlobalIDString = 559A134F2FEDB1FB009F8D06;
			remoteInfo = Track;
		};
/* End PBXContainerItemProxy section */

/* Begin PBXFileReference section */
		559A13502FEDB1FB009F8D06 /* Track.app */ = {isa = PBXFileReference; explicitFileType = wrapper.application; includeInIndex = 0; path = Track.app; sourceTree = BUILT_PRODUCTS_DIR; };
		559A13532FEDB1FB009F8D06 /* TrackApp.swift */ = {isa = PBXFileReference; lastKnownFileType = sourcecode.swift; path = TrackApp.swift; sourceTree = "<group>"; };
		559A13552FEDB1FB009F8D06 /* ContentView.swift */ = {isa = PBXFileReference; lastKnownFileType = sourcecode.swift; path = ContentView.swift; sourceTree = "<group>"; };
		559A13572FEDB1FC009F8D06 /* Assets.xcassets */ = {isa = PBXFileReference; lastKnownFileType = folder.assetcatalog; path = Assets.xcassets; sourceTree = "<group>"; };
		559A13592FEDB1FC009F8D06 /* Track.entitlements */ = {isa = PBXFileReference; lastKnownFileType = text.plist.entitlements; path = Track.entitlements; sourceTree = "<group>"; };
		559A135B2FEDB1FC009F8D06 /* Preview Assets.xcassets */ = {isa = PBXFileReference; lastKnownFileType = folder.assetcatalog; path = "Preview Assets.xcassets"; sourceTree = "<group>"; };
		559A13612FEDB1FC009F8D06 /* TrackTests.xctest */ = {isa = PBXFileReference; explicitFileType = wrapper.cfbundle; includeInIndex = 0; path = TrackTests.xctest; sourceTree = BUILT_PRODUCTS_DIR; };
		559A13652FEDB1FC009F8D06 /* TrackTests.swift */ = {isa = PBXFileReference; lastKnownFileType = sourcecode.swift; path = TrackTests.swift; sourceTree = "<group>"; };
		559A136B2FEDB1FC009F8D06 /* TrackUITests.xctest */ = {isa = PBXFileReference; explicitFileType = wrapper.cfbundle; includeInIndex = 0; path = TrackUITests.xctest; sourceTree = BUILT_PRODUCTS_DIR; };
		559A136F2FEDB1FC009F8D06 /* TrackUITests.swift */ = {isa = PBXFileReference; lastKnownFileType = sourcecode.swift; path = TrackUITests.swift; sourceTree = "<group>"; };
		559A13712FEDB1FC009F8D06 /* TrackUITestsLaunchTests.swift */ = {isa = PBXFileReference; lastKnownFileType = sourcecode.swift; path = TrackUITestsLaunchTests.swift; sourceTree = "<group>"; };
/* End PBXFileReference section */

/* Begin PBXFrameworksBuildPhase section */
		559A134D2FEDB1FB009F8D06 /* Frameworks */ = {
			isa = PBXFrameworksBuildPhase;
			buildActionMask = 2147483647;
			files = (
			);
			runOnlyForDeploymentPostprocessing = 0;
		};
		559A135E2FEDB1FC009F8D06 /* Frameworks */ = {
			isa = PBXFrameworksBuildPhase;
			buildActionMask = 2147483647;
			files = (
			);
			runOnlyForDeploymentPostprocessing = 0;
		};
		559A13682FEDB1FC009F8D06 /* Frameworks */ = {
			isa = PBXFrameworksBuildPhase;
			buildActionMask = 2147483647;
			files = (
			);
			runOnlyForDeploymentPostprocessing = 0;
		};
/* End PBXFrameworksBuildPhase section */

/* Begin PBXGroup section */
		559A13472FEDB1FB009F8D06 = {
			isa = PBXGroup;
			children = (
				559A13522FEDB1FB009F8D06 /* Track */,
				559A13642FEDB1FC009F8D06 /* TrackTests */,
				559A136E2FEDB1FC009F8D06 /* TrackUITests */,
				559A13512FEDB1FB009F8D06 /* Products */,
			);
			sourceTree = "<group>";
		};
		559A13512FEDB1FB009F8D06 /* Products */ = {
			isa = PBXGroup;
			children = (
				559A13502FEDB1FB009F8D06 /* Track.app */,
				559A13612FEDB1FC009F8D06 /* TrackTests.xctest */,
				559A136B2FEDB1FC009F8D06 /* TrackUITests.xctest */,
			);
			name = Products;
			sourceTree = "<group>";
		};
		559A13522FEDB1FB009F8D06 /* Track */ = {
			isa = PBXGroup;
			children = (
				559A13532FEDB1FB009F8D06 /* TrackApp.swift */,
				559A13552FEDB1FB009F8D06 /* ContentView.swift */,
				559A13572FEDB1FC009F8D06 /* Assets.xcassets */,
				559A13592FEDB1FC009F8D06 /* Track.entitlements */,
				559A135A2FEDB1FC009F8D06 /* Preview Content */,
			);
			path = Track;
			sourceTree = "<group>";
		};
		559A135A2FEDB1FC009F8D06 /* Preview Content */ = {
			isa = PBXGroup;
			children = (
				559A135B2FEDB1FC009F8D06 /* Preview Assets.xcassets */,
			);
			path = "Preview Content";
			sourceTree = "<group>";
		};
		559A13642FEDB1FC009F8D06 /* TrackTests */ = {
			isa = PBXGroup;
			children = (
				559A13652FEDB1FC009F8D06 /* TrackTests.swift */,
			);
			path = TrackTests;
			sourceTree = "<group>";
		};
		559A136E2FEDB1FC009F8D06 /* TrackUITests */ = {
			isa = PBXGroup;
			children = (
				559A136F2FEDB1FC009F8D06 /* TrackUITests.swift */,
				559A13712FEDB1FC009F8D06 /* TrackUITestsLaunchTests.swift */,
			);
			path = TrackUITests;
			sourceTree = "<group>";
		};
/* End PBXGroup section */

/* Begin PBXNativeTarget section */
		559A134F2FEDB1FB009F8D06 /* Track */ = {
			isa = PBXNativeTarget;
			buildConfigurationList = 559A13752FEDB1FC009F8D06 /* Build configuration list for PBXNativeTarget "Track" */;
			buildPhases = (
				559A134C2FEDB1FB009F8D06 /* Sources */,
				559A134D2FEDB1FB009F8D06 /* Frameworks */,
				559A134E2FEDB1FB009F8D06 /* Resources */,
			);
			buildRules = (
			);
			dependencies = (
			);
			name = Track;
			productName = Track;
			productReference = 559A13502FEDB1FB009F8D06 /* Track.app */;
			productType = "com.apple.product-type.application";
		};
		559A13602FEDB1FC009F8D06 /* TrackTests */ = {
			isa = PBXNativeTarget;
			buildConfigurationList = 559A13782FEDB1FC009F8D06 /* Build configuration list for PBXNativeTarget "TrackTests" */;
			buildPhases = (
				559A135D2FEDB1FC009F8D06 /* Sources */,
				559A135E2FEDB1FC009F8D06 /* Frameworks */,
				559A135F2FEDB1FC009F8D06 /* Resources */,
			);
			buildRules = (
			);
			dependencies = (
				559A13632FEDB1FC009F8D06 /* PBXTargetDependency */,
			);
			name = TrackTests;
			productName = TrackTests;
			productReference = 559A13612FEDB1FC009F8D06 /* TrackTests.xctest */;
			productType = "com.apple.product-type.bundle.unit-test";
		};
		559A136A2FEDB1FC009F8D06 /* TrackUITests */ = {
			isa = PBXNativeTarget;
			buildConfigurationList = 559A137B2FEDB1FC009F8D06 /* Build configuration list for PBXNativeTarget "TrackUITests" */;
			buildPhases = (
				559A13672FEDB1FC009F8D06 /* Sources */,
				559A13682FEDB1FC009F8D06 /* Frameworks */,
				559A13692FEDB1FC009F8D06 /* Resources */,
			);
			buildRules = (
			);
			dependencies = (
				559A136D2FEDB1FC009F8D06 /* PBXTargetDependency */,
			);
			name = TrackUITests;
			productName = TrackUITests;
			productReference = 559A136B2FEDB1FC009F8D06 /* TrackUITests.xctest */;
			productType = "com.apple.product-type.bundle.ui-testing";
		};
/* End PBXNativeTarget section */

/* Begin PBXProject section */
		559A13482FEDB1FB009F8D06 /* Project object */ = {
			isa = PBXProject;
			attributes = {
				BuildIndependentTargetsInParallel = 1;
				LastSwiftUpdateCheck = 1530;
				LastUpgradeCheck = 1530;
				TargetAttributes = {
					559A134F2FEDB1FB009F8D06 = {
						CreatedOnToolsVersion = 15.3;
					};
					559A13602FEDB1FC009F8D06 = {
						CreatedOnToolsVersion = 15.3;
						TestTargetID = 559A134F2FEDB1FB009F8D06;
					};
					559A136A2FEDB1FC009F8D06 = {
						CreatedOnToolsVersion = 15.3;
						TestTargetID = 559A134F2FEDB1FB009F8D06;
					};
				};
			};
			buildConfigurationList = 559A134B2FEDB1FB009F8D06 /* Build configuration list for PBXProject "Track" */;
			compatibilityVersion = "Xcode 14.0";
			developmentRegion = en;
			hasScannedForEncodings = 0;
			knownRegions = (
				en,
				Base,
			);
			mainGroup = 559A13472FEDB1FB009F8D06;
			productRefGroup = 559A13512FEDB1FB009F8D06 /* Products */;
			projectDirPath = "";
			projectRoot = "";
			targets = (
				559A134F2FEDB1FB009F8D06 /* Track */,
				559A13602FEDB1FC009F8D06 /* TrackTests */,
				559A136A2FEDB1FC009F8D06 /* TrackUITests */,
			);
		};
/* End PBXProject section */

/* Begin PBXResourcesBuildPhase section */
		559A134E2FEDB1FB009F8D06 /* Resources */ = {
			isa = PBXResourcesBuildPhase;
			buildActionMask = 2147483647;
			files = (
				559A135C2FEDB1FC009F8D06 /* Preview Assets.xcassets in Resources */,
				559A13582FEDB1FC009F8D06 /* Assets.xcassets in Resources */,
			);
			runOnlyForDeploymentPostprocessing = 0;
		};
		559A135F2FEDB1FC009F8D06 /* Resources */ = {
			isa = PBXResourcesBuildPhase;
			buildActionMask = 2147483647;
			files = (
			);
			runOnlyForDeploymentPostprocessing = 0;
		};
		559A13692FEDB1FC009F8D06 /* Resources */ = {
			isa = PBXResourcesBuildPhase;
			buildActionMask = 2147483647;
			files = (
			);
			runOnlyForDeploymentPostprocessing = 0;
		};
/* End PBXResourcesBuildPhase section */

/* Begin PBXSourcesBuildPhase section */
		559A134C2FEDB1FB009F8D06 /* Sources */ = {
			isa = PBXSourcesBuildPhase;
			buildActionMask = 2147483647;
			files = (
				559A13562FEDB1FB009F8D06 /* ContentView.swift in Sources */,
				559A13542FEDB1FB009F8D06 /* TrackApp.swift in Sources */,
			);
			runOnlyForDeploymentPostprocessing = 0;
		};
		559A135D2FEDB1FC009F8D06 /* Sources */ = {
			isa = PBXSourcesBuildPhase;
			buildActionMask = 2147483647;
			files = (
				559A13662FEDB1FC009F8D06 /* TrackTests.swift in Sources */,
			);
			runOnlyForDeploymentPostprocessing = 0;
		};
		559A13672FEDB1FC009F8D06 /* Sources */ = {
			isa = PBXSourcesBuildPhase;
			buildActionMask = 2147483647;
			files = (
				559A13722FEDB1FC009F8D06 /* TrackUITestsLaunchTests.swift in Sources */,
				559A13702FEDB1FC009F8D06 /* TrackUITests.swift in Sources */,
			);
			runOnlyForDeploymentPostprocessing = 0;
		};
/* End PBXSourcesBuildPhase section */

/* Begin PBXTargetDependency section */
		559A13632FEDB1FC009F8D06 /* PBXTargetDependency */ = {
			isa = PBXTargetDependency;
			target = 559A134F2FEDB1FB009F8D06 /* Track */;
			targetProxy = 559A13622FEDB1FC009F8D06 /* PBXContainerItemProxy */;
		};
		559A136D2FEDB1FC009F8D06 /* PBXTargetDependency */ = {
			isa = PBXTargetDependency;
			target = 559A134F2FEDB1FB009F8D06 /* Track */;
			targetProxy = 559A136C2FEDB1FC009F8D06 /* PBXContainerItemProxy */;
		};
/* End PBXTargetDependency section */

/* Begin XCBuildConfiguration section */
		559A13732FEDB1FC009F8D06 /* Debug */ = {
			isa = XCBuildConfiguration;
			buildSettings = {
				ALWAYS_SEARCH_USER_PATHS = NO;
				ASSETCATALOG_COMPILER_GENERATE_SWIFT_ASSET_SYMBOL_EXTENSIONS = YES;
				CLANG_ANALYZER_NONNULL = YES;
				CLANG_ANALYZER_NUMBER_OBJECT_CONVERSION = YES_AGGRESSIVE;
				CLANG_CXX_LANGUAGE_STANDARD = "gnu++20";
				CLANG_ENABLE_MODULES = YES;
				CLANG_ENABLE_OBJC_ARC = YES;
				CLANG_ENABLE_OBJC_WEAK = YES;
				CLANG_WARN_BLOCK_CAPTURE_AUTORELEASING = YES;
				CLANG_WARN_BOOL_CONVERSION = YES;
				CLANG_WARN_COMMA = YES;
				CLANG_WARN_CONSTANT_CONVERSION = YES;
				CLANG_WARN_DEPRECATED_OBJC_IMPLEMENTATIONS = YES;
				CLANG_WARN_DIRECT_OBJC_ISA_USAGE = YES_ERROR;
				CLANG_WARN_DOCUMENTATION_COMMENTS = YES;
				CLANG_WARN_EMPTY_BODY = YES;
				CLANG_WARN_ENUM_CONVERSION = YES;
				CLANG_WARN_INFINITE_RECURSION = YES;
				CLANG_WARN_INT_CONVERSION = YES;
				CLANG_WARN_NON_LITERAL_NULL_CONVERSION = YES;
				CLANG_WARN_OBJC_IMPLICIT_RETAIN_SELF = YES;
				CLANG_WARN_OBJC_LITERAL_CONVERSION = YES;
				CLANG_WARN_OBJC_ROOT_CLASS = YES_ERROR;
				CLANG_WARN_QUOTED_INCLUDE_IN_FRAMEWORK_HEADER = YES;
				CLANG_WARN_RANGE_LOOP_ANALYSIS = YES;
				CLANG_WARN_STRICT_PROTOTYPES = YES;
				CLANG_WARN_SUSPICIOUS_MOVE = YES;
				CLANG_WARN_UNGUARDED_AVAILABILITY = YES_AGGRESSIVE;
				CLANG_WARN_UNREACHABLE_CODE = YES;
				CLANG_WARN__DUPLICATE_METHOD_MATCH = YES;
				COPY_PHASE_STRIP = NO;
				DEBUG_INFORMATION_FORMAT = dwarf;
				ENABLE_STRICT_OBJC_MSGSEND = YES;
				ENABLE_TESTABILITY = YES;
				ENABLE_USER_SCRIPT_SANDBOXING = YES;
				GCC_C_LANGUAGE_STANDARD = gnu17;
				GCC_DYNAMIC_NO_PIC = NO;
				GCC_NO_COMMON_BLOCKS = YES;
				GCC_OPTIMIZATION_LEVEL = 0;
				GCC_PREPROCESSOR_DEFINITIONS = (
					"DEBUG=1",
					"$(inherited)",
				);
				GCC_WARN_64_TO_32_BIT_CONVERSION = YES;
				GCC_WARN_ABOUT_RETURN_TYPE = YES_ERROR;
				GCC_WARN_UNDECLARED_SELECTOR = YES;
				GCC_WARN_UNINITIALIZED_AUTOS = YES_AGGRESSIVE;
				GCC_WARN_UNUSED_FUNCTION = YES;
				GCC_WARN_UNUSED_VARIABLE = YES;
				LOCALIZATION_PREFERS_STRING_CATALOGS = YES;
				MTL_ENABLE_DEBUG_INFO = INCLUDE_SOURCE;
				MTL_FAST_MATH = YES;
				ONLY_ACTIVE_ARCH = YES;
				SWIFT_ACTIVE_COMPILATION_CONDITIONS = "DEBUG $(inherited)";
				SWIFT_OPTIMIZATION_LEVEL = "-Onone";
			};
			name = Debug;
		};
		559A13742FEDB1FC009F8D06 /* Release */ = {
			isa = XCBuildConfiguration;
			buildSettings = {
				ALWAYS_SEARCH_USER_PATHS = NO;
				ASSETCATALOG_COMPILER_GENERATE_SWIFT_ASSET_SYMBOL_EXTENSIONS = YES;
				CLANG_ANALYZER_NONNULL = YES;
				CLANG_ANALYZER_NUMBER_OBJECT_CONVERSION = YES_AGGRESSIVE;
				CLANG_CXX_LANGUAGE_STANDARD = "gnu++20";
				CLANG_ENABLE_MODULES = YES;
				CLANG_ENABLE_OBJC_ARC = YES;
				CLANG_ENABLE_OBJC_WEAK = YES;
				CLANG_WARN_BLOCK_CAPTURE_AUTORELEASING = YES;
				CLANG_WARN_BOOL_CONVERSION = YES;
				CLANG_WARN_COMMA = YES;
				CLANG_WARN_CONSTANT_CONVERSION = YES;
				CLANG_WARN_DEPRECATED_OBJC_IMPLEMENTATIONS = YES;
				CLANG_WARN_DIRECT_OBJC_ISA_USAGE = YES_ERROR;
				CLANG_WARN_DOCUMENTATION_COMMENTS = YES;
				CLANG_WARN_EMPTY_BODY = YES;
				CLANG_WARN_ENUM_CONVERSION = YES;
				CLANG_WARN_INFINITE_RECURSION = YES;
				CLANG_WARN_INT_CONVERSION = YES;
				CLANG_WARN_NON_LITERAL_NULL_CONVERSION = YES;
				CLANG_WARN_OBJC_IMPLICIT_RETAIN_SELF = YES;
				CLANG_WARN_OBJC_LITERAL_CONVERSION = YES;
				CLANG_WARN_OBJC_ROOT_CLASS = YES_ERROR;
				CLANG_WARN_QUOTED_INCLUDE_IN_FRAMEWORK_HEADER = YES;
				CLANG_WARN_RANGE_LOOP_ANALYSIS = YES;
				CLANG_WARN_STRICT_PROTOTYPES = YES;
				CLANG_WARN_SUSPICIOUS_MOVE = YES;
				CLANG_WARN_UNGUARDED_AVAILABILITY = YES_AGGRESSIVE;
				CLANG_WARN_UNREACHABLE_CODE = YES;
				CLANG_WARN__DUPLICATE_METHOD_MATCH = YES;
				COPY_PHASE_STRIP = NO;
				DEBUG_INFORMATION_FORMAT = "dwarf-with-dsym";
				ENABLE_NS_ASSERTIONS = NO;
				ENABLE_STRICT_OBJC_MSGSEND = YES;
				ENABLE_USER_SCRIPT_SANDBOXING = YES;
				GCC_C_LANGUAGE_STANDARD = gnu17;
				GCC_NO_COMMON_BLOCKS = YES;
				GCC_WARN_64_TO_32_BIT_CONVERSION = YES;
				GCC_WARN_ABOUT_RETURN_TYPE = YES_ERROR;
				GCC_WARN_UNDECLARED_SELECTOR = YES;
				GCC_WARN_UNINITIALIZED_AUTOS = YES_AGGRESSIVE;
				GCC_WARN_UNUSED_FUNCTION = YES;
				GCC_WARN_UNUSED_VARIABLE = YES;
				LOCALIZATION_PREFERS_STRING_CATALOGS = YES;
				MTL_ENABLE_DEBUG_INFO = NO;
				MTL_FAST_MATH = YES;
				SWIFT_COMPILATION_MODE = wholemodule;
			};
			name = Release;
		};
		559A13762FEDB1FC009F8D06 /* Debug */ = {
			isa = XCBuildConfiguration;
			buildSettings = {
				ASSETCATALOG_COMPILER_APPICON_NAME = AppIcon;
				ASSETCATALOG_COMPILER_GLOBAL_ACCENT_COLOR_NAME = AccentColor;
				CODE_SIGN_ENTITLEMENTS = Track/Track.entitlements;
				CODE_SIGN_STYLE = Automatic;
				CURRENT_PROJECT_VERSION = 1;
				DEVELOPMENT_ASSET_PATHS = "\"Track/Preview Content\"";
				ENABLE_PREVIEWS = YES;
				GENERATE_INFOPLIST_FILE = YES;
				"INFOPLIST_KEY_UIApplicationSceneManifest_Generation[sdk=iphoneos*]" = YES;
				"INFOPLIST_KEY_UIApplicationSceneManifest_Generation[sdk=iphonesimulator*]" = YES;
				"INFOPLIST_KEY_UIApplicationSupportsIndirectInputEvents[sdk=iphoneos*]" = YES;
				"INFOPLIST_KEY_UIApplicationSupportsIndirectInputEvents[sdk=iphonesimulator*]" = YES;
				"INFOPLIST_KEY_UILaunchScreen_Generation[sdk=iphoneos*]" = YES;
				"INFOPLIST_KEY_UILaunchScreen_Generation[sdk=iphonesimulator*]" = YES;
				"INFOPLIST_KEY_UIStatusBarStyle[sdk=iphoneos*]" = UIStatusBarStyleDefault;
				"INFOPLIST_KEY_UIStatusBarStyle[sdk=iphonesimulator*]" = UIStatusBarStyleDefault;
				INFOPLIST_KEY_UISupportedInterfaceOrientations_iPad = "UIInterfaceOrientationPortrait UIInterfaceOrientationPortraitUpsideDown UIInterfaceOrientationLandscapeLeft UIInterfaceOrientationLandscapeRight";
				INFOPLIST_KEY_UISupportedInterfaceOrientations_iPhone = "UIInterfaceOrientationPortrait UIInterfaceOrientationLandscapeLeft UIInterfaceOrientationLandscapeRight";
				IPHONEOS_DEPLOYMENT_TARGET = 17.0;
				LD_RUNPATH_SEARCH_PATHS = "@executable_path/Frameworks";
				"LD_RUNPATH_SEARCH_PATHS[sdk=macosx*]" = "@executable_path/../Frameworks";
				MACOSX_DEPLOYMENT_TARGET = 14.3;
				MARKETING_VERSION = 1.0;
				PRODUCT_BUNDLE_IDENTIFIER = com.gillchristian.Track;
				PRODUCT_NAME = "$(TARGET_NAME)";
				SDKROOT = auto;
				SUPPORTED_PLATFORMS = "iphoneos iphonesimulator macosx";
				SWIFT_EMIT_LOC_STRINGS = YES;
				SWIFT_VERSION = 5.0;
				TARGETED_DEVICE_FAMILY = "1,2";
			};
			name = Debug;
		};
		559A13772FEDB1FC009F8D06 /* Release */ = {
			isa = XCBuildConfiguration;
			buildSettings = {
				ASSETCATALOG_COMPILER_APPICON_NAME = AppIcon;
				ASSETCATALOG_COMPILER_GLOBAL_ACCENT_COLOR_NAME = AccentColor;
				CODE_SIGN_ENTITLEMENTS = Track/Track.entitlements;
				CODE_SIGN_STYLE = Automatic;
				CURRENT_PROJECT_VERSION = 1;
				DEVELOPMENT_ASSET_PATHS = "\"Track/Preview Content\"";
				ENABLE_PREVIEWS = YES;
				GENERATE_INFOPLIST_FILE = YES;
				"INFOPLIST_KEY_UIApplicationSceneManifest_Generation[sdk=iphoneos*]" = YES;
				"INFOPLIST_KEY_UIApplicationSceneManifest_Generation[sdk=iphonesimulator*]" = YES;
				"INFOPLIST_KEY_UIApplicationSupportsIndirectInputEvents[sdk=iphoneos*]" = YES;
				"INFOPLIST_KEY_UIApplicationSupportsIndirectInputEvents[sdk=iphonesimulator*]" = YES;
				"INFOPLIST_KEY_UILaunchScreen_Generation[sdk=iphoneos*]" = YES;
				"INFOPLIST_KEY_UILaunchScreen_Generation[sdk=iphonesimulator*]" = YES;
				"INFOPLIST_KEY_UIStatusBarStyle[sdk=iphoneos*]" = UIStatusBarStyleDefault;
				"INFOPLIST_KEY_UIStatusBarStyle[sdk=iphonesimulator*]" = UIStatusBarStyleDefault;
				INFOPLIST_KEY_UISupportedInterfaceOrientations_iPad = "UIInterfaceOrientationPortrait UIInterfaceOrientationPortraitUpsideDown UIInterfaceOrientationLandscapeLeft UIInterfaceOrientationLandscapeRight";
				INFOPLIST_KEY_UISupportedInterfaceOrientations_iPhone = "UIInterfaceOrientationPortrait UIInterfaceOrientationLandscapeLeft UIInterfaceOrientationLandscapeRight";
				IPHONEOS_DEPLOYMENT_TARGET = 17.0;
				LD_RUNPATH_SEARCH_PATHS = "@executable_path/Frameworks";
				"LD_RUNPATH_SEARCH_PATHS[sdk=macosx*]" = "@executable_path/../Frameworks";
				MACOSX_DEPLOYMENT_TARGET = 14.3;
				MARKETING_VERSION = 1.0;
				PRODUCT_BUNDLE_IDENTIFIER = com.gillchristian.Track;
				PRODUCT_NAME = "$(TARGET_NAME)";
				SDKROOT = auto;
				SUPPORTED_PLATFORMS = "iphoneos iphonesimulator macosx";
				SWIFT_EMIT_LOC_STRINGS = YES;
				SWIFT_VERSION = 5.0;
				TARGETED_DEVICE_FAMILY = "1,2";
			};
			name = Release;
		};
		559A13792FEDB1FC009F8D06 /* Debug */ = {
			isa = XCBuildConfiguration;
			buildSettings = {
				ALWAYS_EMBED_SWIFT_STANDARD_LIBRARIES = YES;
				BUNDLE_LOADER = "$(TEST_HOST)";
				CODE_SIGN_STYLE = Automatic;
				CURRENT_PROJECT_VERSION = 1;
				GENERATE_INFOPLIST_FILE = YES;
				IPHONEOS_DEPLOYMENT_TARGET = 17.0;
				MACOSX_DEPLOYMENT_TARGET = 14.3;
				MARKETING_VERSION = 1.0;
				PRODUCT_BUNDLE_IDENTIFIER = com.gillchristian.TrackTests;
				PRODUCT_NAME = "$(TARGET_NAME)";
				SDKROOT = auto;
				SUPPORTED_PLATFORMS = "iphoneos iphonesimulator macosx";
				SWIFT_EMIT_LOC_STRINGS = NO;
				SWIFT_VERSION = 5.0;
				TARGETED_DEVICE_FAMILY = "1,2";
				TEST_HOST = "$(BUILT_PRODUCTS_DIR)/Track.app/$(BUNDLE_EXECUTABLE_FOLDER_PATH)/Track";
			};
			name = Debug;
		};
		559A137A2FEDB1FC009F8D06 /* Release */ = {
			isa = XCBuildConfiguration;
			buildSettings = {
				ALWAYS_EMBED_SWIFT_STANDARD_LIBRARIES = YES;
				BUNDLE_LOADER = "$(TEST_HOST)";
				CODE_SIGN_STYLE = Automatic;
				CURRENT_PROJECT_VERSION = 1;
				GENERATE_INFOPLIST_FILE = YES;
				IPHONEOS_DEPLOYMENT_TARGET = 17.0;
				MACOSX_DEPLOYMENT_TARGET = 14.3;
				MARKETING_VERSION = 1.0;
				PRODUCT_BUNDLE_IDENTIFIER = com.gillchristian.TrackTests;
				PRODUCT_NAME = "$(TARGET_NAME)";
				SDKROOT = auto;
				SUPPORTED_PLATFORMS = "iphoneos iphonesimulator macosx";
				SWIFT_EMIT_LOC_STRINGS = NO;
				SWIFT_VERSION = 5.0;
				TARGETED_DEVICE_FAMILY = "1,2";
				TEST_HOST = "$(BUILT_PRODUCTS_DIR)/Track.app/$(BUNDLE_EXECUTABLE_FOLDER_PATH)/Track";
			};
			name = Release;
		};
		559A137C2FEDB1FC009F8D06 /* Debug */ = {
			isa = XCBuildConfiguration;
			buildSettings = {
				ALWAYS_EMBED_SWIFT_STANDARD_LIBRARIES = YES;
				CODE_SIGN_STYLE = Automatic;
				CURRENT_PROJECT_VERSION = 1;
				GENERATE_INFOPLIST_FILE = YES;
				IPHONEOS_DEPLOYMENT_TARGET = 17.0;
				MACOSX_DEPLOYMENT_TARGET = 14.3;
				MARKETING_VERSION = 1.0;
				PRODUCT_BUNDLE_IDENTIFIER = com.gillchristian.TrackUITests;
				PRODUCT_NAME = "$(TARGET_NAME)";
				SDKROOT = auto;
				SUPPORTED_PLATFORMS = "iphoneos iphonesimulator macosx";
				SWIFT_EMIT_LOC_STRINGS = NO;
				SWIFT_VERSION = 5.0;
				TARGETED_DEVICE_FAMILY = "1,2";
				TEST_TARGET_NAME = Track;
			};
			name = Debug;
		};
		559A137D2FEDB1FC009F8D06 /* Release */ = {
			isa = XCBuildConfiguration;
			buildSettings = {
				ALWAYS_EMBED_SWIFT_STANDARD_LIBRARIES = YES;
				CODE_SIGN_STYLE = Automatic;
				CURRENT_PROJECT_VERSION = 1;
				GENERATE_INFOPLIST_FILE = YES;
				IPHONEOS_DEPLOYMENT_TARGET = 17.0;
				MACOSX_DEPLOYMENT_TARGET = 14.3;
				MARKETING_VERSION = 1.0;
				PRODUCT_BUNDLE_IDENTIFIER = com.gillchristian.TrackUITests;
				PRODUCT_NAME = "$(TARGET_NAME)";
				SDKROOT = auto;
				SUPPORTED_PLATFORMS = "iphoneos iphonesimulator macosx";
				SWIFT_EMIT_LOC_STRINGS = NO;
				SWIFT_VERSION = 5.0;
				TARGETED_DEVICE_FAMILY = "1,2";
				TEST_TARGET_NAME = Track;
			};
			name = Release;
		};
/* End XCBuildConfiguration section */

/* Begin XCConfigurationList section */
		559A134B2FEDB1FB009F8D06 /* Build configuration list for PBXProject "Track" */ = {
			isa = XCConfigurationList;
			buildConfigurations = (
				559A13732FEDB1FC009F8D06 /* Debug */,
				559A13742FEDB1FC009F8D06 /* Release */,
			);
			defaultConfigurationIsVisible = 0;
			defaultConfigurationName = Release;
		};
		559A13752FEDB1FC009F8D06 /* Build configuration list for PBXNativeTarget "Track" */ = {
			isa = XCConfigurationList;
			buildConfigurations = (
				559A13762FEDB1FC009F8D06 /* Debug */,
				559A13772FEDB1FC009F8D06 /* Release */,
			);
			defaultConfigurationIsVisible = 0;
			defaultConfigurationName = Release;
		};
		559A13782FEDB1FC009F8D06 /* Build configuration list for PBXNativeTarget "TrackTests" */ = {
			isa = XCConfigurationList;
			buildConfigurations = (
				559A13792FEDB1FC009F8D06 /* Debug */,
				559A137A2FEDB1FC009F8D06 /* Release */,
			);
			defaultConfigurationIsVisible = 0;
			defaultConfigurationName = Release;
		};
		559A137B2FEDB1FC009F8D06 /* Build configuration list for PBXNativeTarget "TrackUITests" */ = {
			isa = XCConfigurationList;
			buildConfigurations = (
				559A137C2FEDB1FC009F8D06 /* Debug */,
				559A137D2FEDB1FC009F8D06 /* Release */,
			);
			defaultConfigurationIsVisible = 0;
			defaultConfigurationName = Release;
		};
/* End XCConfigurationList section */
	};
	rootObject = 559A13482FEDB1FB009F8D06 /* Project object */;
}
